{
  "name": "simple-js-hash-store",
  "version": "1.0.3",
  "lockfileVersion": 1,
  "requires": true,
  "dependencies": {
    "simple-js-sha2-256": {
      "version": "1.0.0",
      "resolved": "https://registry.npmjs.org/simple-js-sha2-256/-/simple-js-sha2-256-1.0.0.tgz",
      "integrity": "sha512-zUV5BYogFL+yaxHppQKPBm8D1cOdV1ccezbrQXPnR5lR+ICM53Qf/8E8TOmY4uDYeuoJ1coJZiR+iq6vqg8U2A=="
    }
  }
}
